
Microsoft Visual Studio Solution File, Format Version 12.00
# Visual Studio 2012
Project("{FAE04EC0-301F-11D3-BF4B-00C04F79EFBC}") = "AppAuthenticationServer", "AppAuthenticationServer\AppAuthenticationServer.csproj", "{037D41AC-0E79-42A6-8B16-C9AC825B022C}"
EndProject
Project("{FAE04EC0-301F-11D3-BF4B-00C04F79EFBC}") = "TestAuthenticationServer", "TestAuthenticationServer\TestAuthenticationServer.csproj", "{6CE9DE36-2890-4E28-B023-F41E1F30371F}"
EndProject
Global
	GlobalSection(SolutionConfigurationPlatforms) = preSolution
		Debug|Any CPU = Debug|Any CPU
		Release|Any CPU = Release|Any CPU
	EndGlobalSection
	GlobalSection(ProjectConfigurationPlatforms) = postSolution
		{037D41AC-0E79-42A6-8B16-C9AC825B022C}.Debug|Any CPU.ActiveCfg = Debug|Any CPU
		{037D41AC-0E79-42A6-8B16-C9AC825B022C}.Debug|Any CPU.Build.0 = Debug|Any CPU
		{037D41AC-0E79-42A6-8B16-C9AC825B022C}.Release|Any CPU.ActiveCfg = Release|Any CPU
		{037D41AC-0E79-42A6-8B16-C9AC825B022C}.Release|Any CPU.Build.0 = Release|Any CPU
		{6CE9DE36-2890-4E28-B023-F41E1F30371F}.Debug|Any CPU.ActiveCfg = Debug|Any CPU
		{6CE9DE36-2890-4E28-B023-F41E1F30371F}.Debug|Any CPU.Build.0 = Debug|Any CPU
		{6CE9DE36-2890-4E28-B023-F41E1F30371F}.Release|Any CPU.ActiveCfg = Release|Any CPU
		{6CE9DE36-2890-4E28-B023-F41E1F30371F}.Release|Any CPU.Build.0 = Release|Any CPU
	EndGlobalSection
EndGlobal
