
Microsoft Visual Studio Solution File, Format Version 12.00
# Visual Studio 15
VisualStudioVersion = 15.0.26730.16
MinimumVisualStudioVersion = 10.0.40219.1
Project("{FAE04EC0-301F-11D3-BF4B-00C04F79EFBC}") = "SpotifyListner.Web", "SpotifyListner.Web\SpotifyListner.Web.csproj", "{56C2BD12-2C06-4596-95FB-F3B23C3B9514}"
EndProject
Project("{FAE04EC0-301F-11D3-BF4B-00C04F79EFBC}") = "Partify.Storage", "Partify.Storage\Partify.Storage.csproj", "{2C0BC38A-5FD7-4838-82A9-2E5973981FC9}"
EndProject
Global
	GlobalSection(SolutionConfigurationPlatforms) = preSolution
		Debug|Any CPU = Debug|Any CPU
		Debug|x86 = Debug|x86
		Release|Any CPU = Release|Any CPU
		Release|x86 = Release|x86
	EndGlobalSection
	GlobalSection(ProjectConfigurationPlatforms) = postSolution
		{56C2BD12-2C06-4596-95FB-F3B23C3B9514}.Debug|Any CPU.ActiveCfg = Debug|Any CPU
		{56C2BD12-2C06-4596-95FB-F3B23C3B9514}.Debug|Any CPU.Build.0 = Debug|Any CPU
		{56C2BD12-2C06-4596-95FB-F3B23C3B9514}.Debug|x86.ActiveCfg = Debug|Any CPU
		{56C2BD12-2C06-4596-95FB-F3B23C3B9514}.Debug|x86.Build.0 = Debug|Any CPU
		{56C2BD12-2C06-4596-95FB-F3B23C3B9514}.Release|Any CPU.ActiveCfg = Release|Any CPU
		{56C2BD12-2C06-4596-95FB-F3B23C3B9514}.Release|Any CPU.Build.0 = Release|Any CPU
		{56C2BD12-2C06-4596-95FB-F3B23C3B9514}.Release|x86.ActiveCfg = Release|Any CPU
		{56C2BD12-2C06-4596-95FB-F3B23C3B9514}.Release|x86.Build.0 = Release|Any CPU
		{2C0BC38A-5FD7-4838-82A9-2E5973981FC9}.Debug|Any CPU.ActiveCfg = Debug|Any CPU
		{2C0BC38A-5FD7-4838-82A9-2E5973981FC9}.Debug|Any CPU.Build.0 = Debug|Any CPU
		{2C0BC38A-5FD7-4838-82A9-2E5973981FC9}.Debug|x86.ActiveCfg = Debug|Any CPU
		{2C0BC38A-5FD7-4838-82A9-2E5973981FC9}.Debug|x86.Build.0 = Debug|Any CPU
		{2C0BC38A-5FD7-4838-82A9-2E5973981FC9}.Release|Any CPU.ActiveCfg = Release|Any CPU
		{2C0BC38A-5FD7-4838-82A9-2E5973981FC9}.Release|Any CPU.Build.0 = Release|Any CPU
		{2C0BC38A-5FD7-4838-82A9-2E5973981FC9}.Release|x86.ActiveCfg = Release|Any CPU
		{2C0BC38A-5FD7-4838-82A9-2E5973981FC9}.Release|x86.Build.0 = Release|Any CPU
	EndGlobalSection
	GlobalSection(SolutionProperties) = preSolution
		HideSolutionNode = FALSE
	EndGlobalSection
	GlobalSection(ExtensibilityGlobals) = postSolution
		SolutionGuid = {2897B5DE-AAA3-43C5-81B0-2B3E907D2A13}
	EndGlobalSection
EndGlobal
